
Microsoft Visual Studio Solution File, Format Version 12.00
# Visual Studio Version 17
VisualStudioVersion = 17.0.31912.275
MinimumVisualStudioVersion = 10.0.40219.1
Project("{9A19103F-16F7-4668-BE54-9A1E7A4F7556}") = "TaskLibrary", "TaskLibrary\TaskLibrary.csproj", "{A3BD2BA5-4F1C-48A0-801E-3118D20E5D28}"
EndProject
Project("{FAE04EC0-301F-11D3-BF4B-00C04F79EFBC}") = "TestApp", "TestApp\TestApp.csproj", "{8B2B94F4-84E6-4F94-AD87-A4132C1BD0A9}"
EndProject
Global
	GlobalSection(SolutionConfigurationPlatforms) = preSolution
		Debug|Any CPU = Debug|Any CPU
		Release|Any CPU = Release|Any CPU
	EndGlobalSection
	GlobalSection(ProjectConfigurationPlatforms) = postSolution
		{A3BD2BA5-4F1C-48A0-801E-3118D20E5D28}.Debug|Any CPU.ActiveCfg = Debug|Any CPU
		{A3BD2BA5-4F1C-48A0-801E-3118D20E5D28}.Debug|Any CPU.Build.0 = Debug|Any CPU
		{A3BD2BA5-4F1C-48A0-801E-3118D20E5D28}.Release|Any CPU.ActiveCfg = Release|Any CPU
		{A3BD2BA5-4F1C-48A0-801E-3118D20E5D28}.Release|Any CPU.Build.0 = Release|Any CPU
		{8B2B94F4-84E6-4F94-AD87-A4132C1BD0A9}.Debug|Any CPU.ActiveCfg = Debug|Any CPU
		{8B2B94F4-84E6-4F94-AD87-A4132C1BD0A9}.Debug|Any CPU.Build.0 = Debug|Any CPU
		{8B2B94F4-84E6-4F94-AD87-A4132C1BD0A9}.Release|Any CPU.ActiveCfg = Release|Any CPU
		{8B2B94F4-84E6-4F94-AD87-A4132C1BD0A9}.Release|Any CPU.Build.0 = Release|Any CPU
	EndGlobalSection
	GlobalSection(SolutionProperties) = preSolution
		HideSolutionNode = FALSE
	EndGlobalSection
	GlobalSection(ExtensibilityGlobals) = postSolution
		SolutionGuid = {10D946FB-4995-42AA-9A33-D204833F5FD1}
	EndGlobalSection
EndGlobal
